
Microsoft Visual Studio Solution File, Format Version 12.00
# Visual Studio Version 17
VisualStudioVersion = 17.14.36301.6
MinimumVisualStudioVersion = 10.0.40219.1
Project("{2150E333-8FDC-42A3-9474-1A3956D46DE8}") = "Task0", "Task0", "{02EA681E-C7D8-13C7-8484-4AC65E1B71E8}"
EndProject
Project("{FAE04EC0-301F-11D3-BF4B-00C04F79EFBC}") = "Tyuiu.PolyakovaAS.Sprint1.Task0.V12", "Tyuiu.PolyakovaAS.Sprint1.Task0.V12\Tyuiu.PolyakovaAS.Sprint1.Task0.V12.csproj", "{5A746A40-372A-40F7-8F6A-641A8C1F4A78}"
EndProject
Project("{FAE04EC0-301F-11D3-BF4B-00C04F79EFBC}") = "Tyuiu.PolyakovaAS.Sprint1.Task0.V12.Lib", "Tyuiu.PolyakovaAS.Sprint1.Task0.V12.Lib\Tyuiu.PolyakovaAS.Sprint1.Task0.V12.Lib.csproj", "{C9E65397-AABD-450C-920D-1AE001F297EE}"
EndProject
Project("{FAE04EC0-301F-11D3-BF4B-00C04F79EFBC}") = "Tyuiu.PolyakovaAS.Sprint1.Task0.V12.Test", "Tyuiu.PolyakovaAS.Sprint1.Task0.V12.Test\Tyuiu.PolyakovaAS.Sprint1.Task0.V12.Test.csproj", "{D8BAB18C-4804-4F33-9355-ABEB6A344944}"
EndProject
Project("{2150E333-8FDC-42A3-9474-1A3956D46DE8}") = "Task1", "Task1", "{BCD0A655-CC87-4B8C-85B1-2F40AFCD40D5}"
EndProject
Project("{FAE04EC0-301F-11D3-BF4B-00C04F79EFBC}") = "Tyuiu.PolyakovaAS.Sprint1.Task1.V16", "Tyuiu.PolyakovaAS.Sprint1.Task1.V16\Tyuiu.PolyakovaAS.Sprint1.Task1.V16.csproj", "{8AFE649B-EC03-4575-A8D0-BC9E53ADD9C8}"
EndProject
Project("{FAE04EC0-301F-11D3-BF4B-00C04F79EFBC}") = "Tyuiu.PolyakovaAS.Sprint1.Task1.V16.Lib", "Tyuiu.PolyakovaAS.Sprint1.Task1.V16.Lib\Tyuiu.PolyakovaAS.Sprint1.Task1.V16.Lib.csproj", "{A6160BB4-8E97-4220-A53C-7C851A72EB71}"
EndProject
Project("{FAE04EC0-301F-11D3-BF4B-00C04F79EFBC}") = "Tyuiu.PolyakovaAS.Sprint1.Task1.V16.Test", "Tyuiu.PolyakovaAS.Sprint1.Task1.V16.Test\Tyuiu.PolyakovaAS.Sprint1.Task1.V16.Test.csproj", "{86EDB107-85C6-44BE-91C7-8680EC80920B}"
EndProject
Project("{2150E333-8FDC-42A3-9474-1A3956D46DE8}") = "Task2", "Task2", "{E40089BE-79DC-4AD5-9785-59AB820159E9}"
EndProject
Project("{FAE04EC0-301F-11D3-BF4B-00C04F79EFBC}") = "Tyuiu.PolyakovaAS.Sprint1.Task2.V1", "Tyuiu.PolyakovaAS.Sprint1.Task2.V1\Tyuiu.PolyakovaAS.Sprint1.Task2.V1.csproj", "{8C6C85E3-A066-442C-92E2-C00C70E1B481}"
EndProject
Project("{FAE04EC0-301F-11D3-BF4B-00C04F79EFBC}") = "Tyuiu.PolyakovaAS.Sprint1.Task2.V1.Lib", "Tyuiu.PolyakovaAS.Sprint1.Task2.V1.Lib\Tyuiu.PolyakovaAS.Sprint1.Task2.V1.Lib.csproj", "{F1078186-E045-4135-B206-431EBBC0434C}"
EndProject
Project("{FAE04EC0-301F-11D3-BF4B-00C04F79EFBC}") = "Tyuiu.PolyakovaAS.Sprint1.Task2.V1.Test", "Tyuiu.PolyakovaAS.Sprint1.Task2.V1.Test\Tyuiu.PolyakovaAS.Sprint1.Task2.V1.Test.csproj", "{A3DB97C2-09D8-4728-BFC4-A112EA1A86E4}"
EndProject
Global
	GlobalSection(SolutionConfigurationPlatforms) = preSolution
		Debug|Any CPU = Debug|Any CPU
		Release|Any CPU = Release|Any CPU
	EndGlobalSection
	GlobalSection(ProjectConfigurationPlatforms) = postSolution
		{5A746A40-372A-40F7-8F6A-641A8C1F4A78}.Debug|Any CPU.ActiveCfg = Debug|Any CPU
		{5A746A40-372A-40F7-8F6A-641A8C1F4A78}.Debug|Any CPU.Build.0 = Debug|Any CPU
		{5A746A40-372A-40F7-8F6A-641A8C1F4A78}.Release|Any CPU.ActiveCfg = Release|Any CPU
		{5A746A40-372A-40F7-8F6A-641A8C1F4A78}.Release|Any CPU.Build.0 = Release|Any CPU
		{C9E65397-AABD-450C-920D-1AE001F297EE}.Debug|Any CPU.ActiveCfg = Debug|Any CPU
		{C9E65397-AABD-450C-920D-1AE001F297EE}.Debug|Any CPU.Build.0 = Debug|Any CPU
		{C9E65397-AABD-450C-920D-1AE001F297EE}.Release|Any CPU.ActiveCfg = Release|Any CPU
		{C9E65397-AABD-450C-920D-1AE001F297EE}.Release|Any CPU.Build.0 = Release|Any CPU
		{D8BAB18C-4804-4F33-9355-ABEB6A344944}.Debug|Any CPU.ActiveCfg = Debug|Any CPU
		{D8BAB18C-4804-4F33-9355-ABEB6A344944}.Debug|Any CPU.Build.0 = Debug|Any CPU
		{D8BAB18C-4804-4F33-9355-ABEB6A344944}.Release|Any CPU.ActiveCfg = Release|Any CPU
		{D8BAB18C-4804-4F33-9355-ABEB6A344944}.Release|Any CPU.Build.0 = Release|Any CPU
		{8AFE649B-EC03-4575-A8D0-BC9E53ADD9C8}.Debug|Any CPU.ActiveCfg = Debug|Any CPU
		{8AFE649B-EC03-4575-A8D0-BC9E53ADD9C8}.Debug|Any CPU.Build.0 = Debug|Any CPU
		{8AFE649B-EC03-4575-A8D0-BC9E53ADD9C8}.Release|Any CPU.ActiveCfg = Release|Any CPU
		{8AFE649B-EC03-4575-A8D0-BC9E53ADD9C8}.Release|Any CPU.Build.0 = Release|Any CPU
		{A6160BB4-8E97-4220-A53C-7C851A72EB71}.Debug|Any CPU.ActiveCfg = Debug|Any CPU
		{A6160BB4-8E97-4220-A53C-7C851A72EB71}.Debug|Any CPU.Build.0 = Debug|Any CPU
		{A6160BB4-8E97-4220-A53C-7C851A72EB71}.Release|Any CPU.ActiveCfg = Release|Any CPU
		{A6160BB4-8E97-4220-A53C-7C851A72EB71}.Release|Any CPU.Build.0 = Release|Any CPU
		{86EDB107-85C6-44BE-91C7-8680EC80920B}.Debug|Any CPU.ActiveCfg = Debug|Any CPU
		{86EDB107-85C6-44BE-91C7-8680EC80920B}.Debug|Any CPU.Build.0 = Debug|Any CPU
		{86EDB107-85C6-44BE-91C7-8680EC80920B}.Release|Any CPU.ActiveCfg = Release|Any CPU
		{86EDB107-85C6-44BE-91C7-8680EC80920B}.Release|Any CPU.Build.0 = Release|Any CPU
		{8C6C85E3-A066-442C-92E2-C00C70E1B481}.Debug|Any CPU.ActiveCfg = Debug|Any CPU
		{8C6C85E3-A066-442C-92E2-C00C70E1B481}.Debug|Any CPU.Build.0 = Debug|Any CPU
		{8C6C85E3-A066-442C-92E2-C00C70E1B481}.Release|Any CPU.ActiveCfg = Release|Any CPU
		{8C6C85E3-A066-442C-92E2-C00C70E1B481}.Release|Any CPU.Build.0 = Release|Any CPU
		{F1078186-E045-4135-B206-431EBBC0434C}.Debug|Any CPU.ActiveCfg = Debug|Any CPU
		{F1078186-E045-4135-B206-431EBBC0434C}.Debug|Any CPU.Build.0 = Debug|Any CPU
		{F1078186-E045-4135-B206-431EBBC0434C}.Release|Any CPU.ActiveCfg = Release|Any CPU
		{F1078186-E045-4135-B206-431EBBC0434C}.Release|Any CPU.Build.0 = Release|Any CPU
		{A3DB97C2-09D8-4728-BFC4-A112EA1A86E4}.Debug|Any CPU.ActiveCfg = Debug|Any CPU
		{A3DB97C2-09D8-4728-BFC4-A112EA1A86E4}.Debug|Any CPU.Build.0 = Debug|Any CPU
		{A3DB97C2-09D8-4728-BFC4-A112EA1A86E4}.Release|Any CPU.ActiveCfg = Release|Any CPU
		{A3DB97C2-09D8-4728-BFC4-A112EA1A86E4}.Release|Any CPU.Build.0 = Release|Any CPU
	EndGlobalSection
	GlobalSection(SolutionProperties) = preSolution
		HideSolutionNode = FALSE
	EndGlobalSection
	GlobalSection(NestedProjects) = preSolution
		{5A746A40-372A-40F7-8F6A-641A8C1F4A78} = {02EA681E-C7D8-13C7-8484-4AC65E1B71E8}
		{C9E65397-AABD-450C-920D-1AE001F297EE} = {02EA681E-C7D8-13C7-8484-4AC65E1B71E8}
		{D8BAB18C-4804-4F33-9355-ABEB6A344944} = {02EA681E-C7D8-13C7-8484-4AC65E1B71E8}
		{8AFE649B-EC03-4575-A8D0-BC9E53ADD9C8} = {BCD0A655-CC87-4B8C-85B1-2F40AFCD40D5}
		{A6160BB4-8E97-4220-A53C-7C851A72EB71} = {BCD0A655-CC87-4B8C-85B1-2F40AFCD40D5}
		{86EDB107-85C6-44BE-91C7-8680EC80920B} = {BCD0A655-CC87-4B8C-85B1-2F40AFCD40D5}
		{8C6C85E3-A066-442C-92E2-C00C70E1B481} = {E40089BE-79DC-4AD5-9785-59AB820159E9}
		{F1078186-E045-4135-B206-431EBBC0434C} = {E40089BE-79DC-4AD5-9785-59AB820159E9}
		{A3DB97C2-09D8-4728-BFC4-A112EA1A86E4} = {E40089BE-79DC-4AD5-9785-59AB820159E9}
	EndGlobalSection
	GlobalSection(ExtensibilityGlobals) = postSolution
		SolutionGuid = {8C4206ED-09A7-479A-9128-18393654FF2F}
	EndGlobalSection
EndGlobal
